
Microsoft Visual Studio Solution File, Format Version 12.00
# Visual Studio Version 17
VisualStudioVersion = 17.7.34024.191
MinimumVisualStudioVersion = 10.0.40219.1
Project("{FAE04EC0-301F-11D3-BF4B-00C04F79EFBC}") = "BackEnd_Gestionale_Polizia", "Epicode_S5_L5_BackEnd_Project\BackEnd_Gestionale_Polizia.csproj", "{49BB1E09-5B00-400A-925F-8BF9020D0BC1}"
EndProject
Global
	GlobalSection(SolutionConfigurationPlatforms) = preSolution
		Debug|Any CPU = Debug|Any CPU
		Release|Any CPU = Release|Any CPU
	EndGlobalSection
	GlobalSection(ProjectConfigurationPlatforms) = postSolution
		{49BB1E09-5B00-400A-925F-8BF9020D0BC1}.Debug|Any CPU.ActiveCfg = Debug|Any CPU
		{49BB1E09-5B00-400A-925F-8BF9020D0BC1}.Debug|Any CPU.Build.0 = Debug|Any CPU
		{49BB1E09-5B00-400A-925F-8BF9020D0BC1}.Release|Any CPU.ActiveCfg = Release|Any CPU
		{49BB1E09-5B00-400A-925F-8BF9020D0BC1}.Release|Any CPU.Build.0 = Release|Any CPU
	EndGlobalSection
	GlobalSection(SolutionProperties) = preSolution
		HideSolutionNode = FALSE
	EndGlobalSection
	GlobalSection(ExtensibilityGlobals) = postSolution
		SolutionGuid = {567241FA-456D-42CE-8812-8414EBFF22C2}
	EndGlobalSection
EndGlobal
